// !$*UTF8*$!
{
	archiveVersion = 1;
	classes = {
	};
	objectVersion = 52;
	objects = {

/* Begin PBXBuildFile section */
		6F2255922372040A00D6B310 /* AppDelegate.swift in Sources */ = {isa = PBXBuildFile; fileRef = 6F2255912372040A00D6B310 /* AppDelegate.swift */; };
		6F2255942372040A00D6B310 /* SceneDelegate.swift in Sources */ = {isa = PBXBuildFile; fileRef = 6F2255932372040A00D6B310 /* SceneDelegate.swift */; };
		6F2255962372040A00D6B310 /* ViewController.swift in Sources */ = {isa = PBXBuildFile; fileRef = 6F2255952372040A00D6B310 /* ViewController.swift */; };
		6F2255992372040A00D6B310 /* Main.storyboard in Resources */ = {isa = PBXBuildFile; fileRef = 6F2255972372040A00D6B310 /* Main.storyboard */; };
		6F22559B2372040B00D6B310 /* Assets.xcassets in Resources */ = {isa = PBXBuildFile; fileRef = 6F22559A2372040B00D6B310 /* Assets.xcassets */; };
		6F22559E2372040B00D6B310 /* LaunchScreen.storyboard in Resources */ = {isa = PBXBuildFile; fileRef = 6F22559C2372040B00D6B310 /* LaunchScreen.storyboard */; };
		6F609CEF2372050900B520EC /* Cartfile in Resources */ = {isa = PBXBuildFile; fileRef = 6F609CEE2372050900B520EC /* Cartfile */; };
		6F609CF4237205D200B520EC /* Alamofire.framework in Frameworks */ = {isa = PBXBuildFile; fileRef = 6F609CF2237205D200B520EC /* Alamofire.framework */; };
		6F609CF5237205D200B520EC /* ObjectMapper.framework in Frameworks */ = {isa = PBXBuildFile; fileRef = 6F609CF3237205D200B520EC /* ObjectMapper.framework */; };
		6F609CFA2372062600B520EC /* User.swift in Sources */ = {isa = PBXBuildFile; fileRef = 6F609CF92372062600B520EC /* User.swift */; };
/* End PBXBuildFile section */

/* Begin PBXFileReference section */
		6F22558E2372040A00D6B310 /* Test.app */ = {isa = PBXFileReference; explicitFileType = wrapper.application; includeInIndex = 0; path = Test.app; sourceTree = BUILT_PRODUCTS_DIR; };
		6F2255912372040A00D6B310 /* AppDelegate.swift */ = {isa = PBXFileReference; lastKnownFileType = sourcecode.swift; path = AppDelegate.swift; sourceTree = "<group>"; };
		6F2255932372040A00D6B310 /* SceneDelegate.swift */ = {isa = PBXFileReference; lastKnownFileType = sourcecode.swift; path = SceneDelegate.swift; sourceTree = "<group>"; };
		6F2255952372040A00D6B310 /* ViewController.swift */ = {isa = PBXFileReference; lastKnownFileType = sourcecode.swift; path = ViewController.swift; sourceTree = "<group>"; };
		6F2255982372040A00D6B310 /* Base */ = {isa = PBXFileReference; lastKnownFileType = file.storyboard; name = Base; path = Base.lproj/Main.storyboard; sourceTree = "<group>"; };
		6F22559A2372040B00D6B310 /* Assets.xcassets */ = {isa = PBXFileReference; lastKnownFileType = folder.assetcatalog; path = Assets.xcassets; sourceTree = "<group>"; };
		6F22559D2372040B00D6B310 /* Base */ = {isa = PBXFileReference; lastKnownFileType = file.storyboard; name = Base; path = Base.lproj/LaunchScreen.storyboard; sourceTree = "<group>"; };
		6F22559F2372040B00D6B310 /* Info.plist */ = {isa = PBXFileReference; lastKnownFileType = text.plist.xml; path = Info.plist; sourceTree = "<group>"; };
		6F609CEE2372050900B520EC /* Cartfile */ = {isa = PBXFileReference; fileEncoding = 4; lastKnownFileType = text; path = Cartfile; sourceTree = SOURCE_ROOT; };
		6F609CF2237205D200B520EC /* Alamofire.framework */ = {isa = PBXFileReference; lastKnownFileType = wrapper.framework; path = Alamofire.framework; sourceTree = "<group>"; };
		6F609CF3237205D200B520EC /* ObjectMapper.framework */ = {isa = PBXFileReference; lastKnownFileType = wrapper.framework; path = ObjectMapper.framework; sourceTree = "<group>"; };
		6F609CF92372062600B520EC /* User.swift */ = {isa = PBXFileReference; lastKnownFileType = sourcecode.swift; path = User.swift; sourceTree = "<group>"; };
/* End PBXFileReference section */

/* Begin PBXFrameworksBuildPhase section */
		6F22558B2372040A00D6B310 /* Frameworks */ = {
			isa = PBXFrameworksBuildPhase;
			buildActionMask = 2147483647;
			files = (
				6F609CF5237205D200B520EC /* ObjectMapper.framework in Frameworks */,
				6F609CF4237205D200B520EC /* Alamofire.framework in Frameworks */,
			);
			runOnlyForDeploymentPostprocessing = 0;
		};
/* End PBXFrameworksBuildPhase section */

/* Begin PBXGroup section */
		6F2255852372040A00D6B310 = {
			isa = PBXGroup;
			children = (
				6F2255902372040A00D6B310 /* Test */,
				6F22558F2372040A00D6B310 /* Products */,
			);
			sourceTree = "<group>";
		};
		6F22558F2372040A00D6B310 /* Products */ = {
			isa = PBXGroup;
			children = (
				6F22558E2372040A00D6B310 /* Test.app */,
			);
			name = Products;
			sourceTree = "<group>";
		};
		6F2255902372040A00D6B310 /* Test */ = {
			isa = PBXGroup;
			children = (
				6F609CF62372060E00B520EC /* Base */,
				6F609CF1237205D200B520EC /* Frameworks */,
				6F2255912372040A00D6B310 /* AppDelegate.swift */,
				6F2255932372040A00D6B310 /* SceneDelegate.swift */,
				6F2255952372040A00D6B310 /* ViewController.swift */,
				6F2255972372040A00D6B310 /* Main.storyboard */,
				6F22559A2372040B00D6B310 /* Assets.xcassets */,
				6F22559C2372040B00D6B310 /* LaunchScreen.storyboard */,
				6F22559F2372040B00D6B310 /* Info.plist */,
				6F609CEE2372050900B520EC /* Cartfile */,
			);
			path = Test;
			sourceTree = "<group>";
		};
		6F609CF1237205D200B520EC /* Frameworks */ = {
			isa = PBXGroup;
			children = (
				6F609CF2237205D200B520EC /* Alamofire.framework */,
				6F609CF3237205D200B520EC /* ObjectMapper.framework */,
			);
			name = Frameworks;
			path = iOS/Frameworks;
			sourceTree = SOURCE_ROOT;
		};
		6F609CF62372060E00B520EC /* Base */ = {
			isa = PBXGroup;
			children = (
				6F609CF72372061200B520EC /* Model */,
			);
			path = Base;
			sourceTree = "<group>";
		};
		6F609CF72372061200B520EC /* Model */ = {
			isa = PBXGroup;
			children = (
				6F609CF82372061800B520EC /* User */,
			);
			path = Model;
			sourceTree = "<group>";
		};
		6F609CF82372061800B520EC /* User */ = {
			isa = PBXGroup;
			children = (
				6F609CF92372062600B520EC /* User.swift */,
			);
			path = User;
			sourceTree = "<group>";
		};
/* End PBXGroup section */

/* Begin PBXNativeTarget section */
		6F22558D2372040A00D6B310 /* Test */ = {
			isa = PBXNativeTarget;
			buildConfigurationList = 6F2255A22372040B00D6B310 /* Build configuration list for PBXNativeTarget "Test" */;
			buildPhases = (
				6F22558A2372040A00D6B310 /* Sources */,
				6F22558B2372040A00D6B310 /* Frameworks */,
				6F22558C2372040A00D6B310 /* Resources */,
				6F609CF02372058D00B520EC /* ShellScript */,
			);
			buildRules = (
			);
			dependencies = (
			);
			name = Test;
			productName = Test;
			productReference = 6F22558E2372040A00D6B310 /* Test.app */;
			productType = "com.apple.product-type.application";
		};
/* End PBXNativeTarget section */

/* Begin PBXProject section */
		6F2255862372040A00D6B310 /* Project object */ = {
			isa = PBXProject;
			attributes = {
				LastSwiftUpdateCheck = 1110;
				LastUpgradeCheck = 1110;
				ORGANIZATIONNAME = Koombea;
				TargetAttributes = {
					6F22558D2372040A00D6B310 = {
						CreatedOnToolsVersion = 11.1;
					};
				};
			};
			buildConfigurationList = 6F2255892372040A00D6B310 /* Build configuration list for PBXProject "Test" */;
			compatibilityVersion = "Xcode 9.3";
			developmentRegion = en;
			hasScannedForEncodings = 0;
			knownRegions = (
				en,
				Base,
			);
			mainGroup = 6F2255852372040A00D6B310;
			productRefGroup = 6F22558F2372040A00D6B310 /* Products */;
			projectDirPath = "";
			projectRoot = "";
			targets = (
				6F22558D2372040A00D6B310 /* Test */,
			);
		};
/* End PBXProject section */

/* Begin PBXResourcesBuildPhase section */
		6F22558C2372040A00D6B310 /* Resources */ = {
			isa = PBXResourcesBuildPhase;
			buildActionMask = 2147483647;
			files = (
				6F22559E2372040B00D6B310 /* LaunchScreen.storyboard in Resources */,
				6F22559B2372040B00D6B310 /* Assets.xcassets in Resources */,
				6F609CEF2372050900B520EC /* Cartfile in Resources */,
				6F2255992372040A00D6B310 /* Main.storyboard in Resources */,
			);
			runOnlyForDeploymentPostprocessing = 0;
		};
/* End PBXResourcesBuildPhase section */

/* Begin PBXShellScriptBuildPhase section */
		6F609CF02372058D00B520EC /* ShellScript */ = {
			isa = PBXShellScriptBuildPhase;
			buildActionMask = 2147483647;
			dependencyFile = "$(DERIVED_FILES_DIR)/$(INPUT_FILE_PATH).d";
			files = (
			);
			inputFileListPaths = (
			);
			inputPaths = (
				"$(SRCROOT)/iOS/Frameworks/ObjectMapper.framework",
				"$(SRCROOT)/iOS/Frameworks/Alamofire.framework",
			);
			outputFileListPaths = (
			);
			outputPaths = (
			);
			runOnlyForDeploymentPostprocessing = 0;
			shellPath = /bin/sh;
			shellScript = "# Type a script or drag a script file from your workspace to insert its path.\n/usr/local/bin/carthage copy-frameworks\n";
		};
/* End PBXShellScriptBuildPhase section */

/* Begin PBXSourcesBuildPhase section */
		6F22558A2372040A00D6B310 /* Sources */ = {
			isa = PBXSourcesBuildPhase;
			buildActionMask = 2147483647;
			files = (
				6F609CFA2372062600B520EC /* User.swift in Sources */,
				6F2255962372040A00D6B310 /* ViewController.swift in Sources */,
				6F2255922372040A00D6B310 /* AppDelegate.swift in Sources */,
				6F2255942372040A00D6B310 /* SceneDelegate.swift in Sources */,
			);
			runOnlyForDeploymentPostprocessing = 0;
		};
/* End PBXSourcesBuildPhase section */

/* Begin PBXVariantGroup section */
		6F2255972372040A00D6B310 /* Main.storyboard */ = {
			isa = PBXVariantGroup;
			children = (
				6F2255982372040A00D6B310 /* Base */,
			);
			name = Main.storyboard;
			sourceTree = "<group>";
		};
		6F22559C2372040B00D6B310 /* LaunchScreen.storyboard */ = {
			isa = PBXVariantGroup;
			children = (
				6F22559D2372040B00D6B310 /* Base */,
			);
			name = LaunchScreen.storyboard;
			sourceTree = "<group>";
		};
/* End PBXVariantGroup section */

/* Begin XCBuildConfiguration section */
		6F2255A02372040B00D6B310 /* Debug */ = {
			isa = XCBuildConfiguration;
			buildSettings = {
				ALWAYS_SEARCH_USER_PATHS = NO;
				CLANG_ANALYZER_NONNULL = YES;
				CLANG_ANALYZER_NUMBER_OBJECT_CONVERSION = YES_AGGRESSIVE;
				CLANG_CXX_LANGUAGE_STANDARD = "gnu++14";
				CLANG_CXX_LIBRARY = "libc++";
				CLANG_ENABLE_MODULES = YES;
				CLANG_ENABLE_OBJC_ARC = YES;
				CLANG_ENABLE_OBJC_WEAK = YES;
				CLANG_WARN_BLOCK_CAPTURE_AUTORELEASING = YES;
				CLANG_WARN_BOOL_CONVERSION = YES;
				CLANG_WARN_COMMA = YES;
				CLANG_WARN_CONSTANT_CONVERSION = YES;
				CLANG_WARN_DEPRECATED_OBJC_IMPLEMENTATIONS = YES;
				CLANG_WARN_DIRECT_OBJC_ISA_USAGE = YES_ERROR;
				CLANG_WARN_DOCUMENTATION_COMMENTS = YES;
				CLANG_WARN_EMPTY_BODY = YES;
				CLANG_WARN_ENUM_CONVERSION = YES;
				CLANG_WARN_INFINITE_RECURSION = YES;
				CLANG_WARN_INT_CONVERSION = YES;
				CLANG_WARN_NON_LITERAL_NULL_CONVERSION = YES;
				CLANG_WARN_OBJC_IMPLICIT_RETAIN_SELF = YES;
				CLANG_WARN_OBJC_LITERAL_CONVERSION = YES;
				CLANG_WARN_OBJC_ROOT_CLASS = YES_ERROR;
				CLANG_WARN_RANGE_LOOP_ANALYSIS = YES;
				CLANG_WARN_STRICT_PROTOTYPES = YES;
				CLANG_WARN_SUSPICIOUS_MOVE = YES;
				CLANG_WARN_UNGUARDED_AVAILABILITY = YES_AGGRESSIVE;
				CLANG_WARN_UNREACHABLE_CODE = YES;
				CLANG_WARN__DUPLICATE_METHOD_MATCH = YES;
				COPY_PHASE_STRIP = NO;
				DEBUG_INFORMATION_FORMAT = dwarf;
				ENABLE_STRICT_OBJC_MSGSEND = YES;
				ENABLE_TESTABILITY = YES;
				GCC_C_LANGUAGE_STANDARD = gnu11;
				GCC_DYNAMIC_NO_PIC = NO;
				GCC_NO_COMMON_BLOCKS = YES;
				GCC_OPTIMIZATION_LEVEL = 0;
				GCC_PREPROCESSOR_DEFINITIONS = (
					"DEBUG=1",
					"$(inherited)",
				);
				GCC_WARN_64_TO_32_BIT_CONVERSION = YES;
				GCC_WARN_ABOUT_RETURN_TYPE = YES_ERROR;
				GCC_WARN_UNDECLARED_SELECTOR = YES;
				GCC_WARN_UNINITIALIZED_AUTOS = YES_AGGRESSIVE;
				GCC_WARN_UNUSED_FUNCTION = YES;
				GCC_WARN_UNUSED_VARIABLE = YES;
				IPHONEOS_DEPLOYMENT_TARGET = 13.1;
				MTL_ENABLE_DEBUG_INFO = INCLUDE_SOURCE;
				MTL_FAST_MATH = YES;
				ONLY_ACTIVE_ARCH = YES;
				SDKROOT = iphoneos;
				SWIFT_ACTIVE_COMPILATION_CONDITIONS = DEBUG;
				SWIFT_OPTIMIZATION_LEVEL = "-Onone";
			};
			name = Debug;
		};
		6F2255A12372040B00D6B310 /* Release */ = {
			isa = XCBuildConfiguration;
			buildSettings = {
				ALWAYS_SEARCH_USER_PATHS = NO;
				CLANG_ANALYZER_NONNULL = YES;
				CLANG_ANALYZER_NUMBER_OBJECT_CONVERSION = YES_AGGRESSIVE;
				CLANG_CXX_LANGUAGE_STANDARD = "gnu++14";
				CLANG_CXX_LIBRARY = "libc++";
				CLANG_ENABLE_MODULES = YES;
				CLANG_ENABLE_OBJC_ARC = YES;
				CLANG_ENABLE_OBJC_WEAK = YES;
				CLANG_WARN_BLOCK_CAPTURE_AUTORELEASING = YES;
				CLANG_WARN_BOOL_CONVERSION = YES;
				CLANG_WARN_COMMA = YES;
				CLANG_WARN_CONSTANT_CONVERSION = YES;
				CLANG_WARN_DEPRECATED_OBJC_IMPLEMENTATIONS = YES;
				CLANG_WARN_DIRECT_OBJC_ISA_USAGE = YES_ERROR;
				CLANG_WARN_DOCUMENTATION_COMMENTS = YES;
				CLANG_WARN_EMPTY_BODY = YES;
				CLANG_WARN_ENUM_CONVERSION = YES;
				CLANG_WARN_INFINITE_RECURSION = YES;
				CLANG_WARN_INT_CONVERSION = YES;
				CLANG_WARN_NON_LITERAL_NULL_CONVERSION = YES;
				CLANG_WARN_OBJC_IMPLICIT_RETAIN_SELF = YES;
				CLANG_WARN_OBJC_LITERAL_CONVERSION = YES;
				CLANG_WARN_OBJC_ROOT_CLASS = YES_ERROR;
				CLANG_WARN_RANGE_LOOP_ANALYSIS = YES;
				CLANG_WARN_STRICT_PROTOTYPES = YES;
				CLANG_WARN_SUSPICIOUS_MOVE = YES;
				CLANG_WARN_UNGUARDED_AVAILABILITY = YES_AGGRESSIVE;
				CLANG_WARN_UNREACHABLE_CODE = YES;
				CLANG_WARN__DUPLICATE_METHOD_MATCH = YES;
				COPY_PHASE_STRIP = NO;
				DEBUG_INFORMATION_FORMAT = "dwarf-with-dsym";
				ENABLE_NS_ASSERTIONS = NO;
				ENABLE_STRICT_OBJC_MSGSEND = YES;
				GCC_C_LANGUAGE_STANDARD = gnu11;
				GCC_NO_COMMON_BLOCKS = YES;
				GCC_WARN_64_TO_32_BIT_CONVERSION = YES;
				GCC_WARN_ABOUT_RETURN_TYPE = YES_ERROR;
				GCC_WARN_UNDECLARED_SELECTOR = YES;
				GCC_WARN_UNINITIALIZED_AUTOS = YES_AGGRESSIVE;
				GCC_WARN_UNUSED_FUNCTION = YES;
				GCC_WARN_UNUSED_VARIABLE = YES;
				IPHONEOS_DEPLOYMENT_TARGET = 13.1;
				MTL_ENABLE_DEBUG_INFO = NO;
				MTL_FAST_MATH = YES;
				SDKROOT = iphoneos;
				SWIFT_COMPILATION_MODE = wholemodule;
				SWIFT_OPTIMIZATION_LEVEL = "-O";
				VALIDATE_PRODUCT = YES;
			};
			name = Release;
		};
		6F2255A32372040B00D6B310 /* Debug */ = {
			isa = XCBuildConfiguration;
			buildSettings = {
				ASSETCATALOG_COMPILER_APPICON_NAME = AppIcon;
				CODE_SIGN_STYLE = Automatic;
				DEVELOPMENT_TEAM = FMNJ2NJVZ3;
				FRAMEWORK_SEARCH_PATHS = (
					"$(inherited)",
					"$(PROJECT_DIR)/iOS/Frameworks",
				);
				INFOPLIST_FILE = Test/Info.plist;
				LD_RUNPATH_SEARCH_PATHS = (
					"$(inherited)",
					"@executable_path/Frameworks",
				);
				PRODUCT_BUNDLE_IDENTIFIER = com.koombea.Test;
				PRODUCT_NAME = "$(TARGET_NAME)";
				SWIFT_VERSION = 5.0;
				TARGETED_DEVICE_FAMILY = "1,2";
			};
			name = Debug;
		};
		6F2255A42372040B00D6B310 /* Release */ = {
			isa = XCBuildConfiguration;
			buildSettings = {
				ASSETCATALOG_COMPILER_APPICON_NAME = AppIcon;
				CODE_SIGN_STYLE = Automatic;
				DEVELOPMENT_TEAM = FMNJ2NJVZ3;
				FRAMEWORK_SEARCH_PATHS = (
					"$(inherited)",
					"$(PROJECT_DIR)/iOS/Frameworks",
				);
				INFOPLIST_FILE = Test/Info.plist;
				LD_RUNPATH_SEARCH_PATHS = (
					"$(inherited)",
					"@executable_path/Frameworks",
				);
				PRODUCT_BUNDLE_IDENTIFIER = com.koombea.Test;
				PRODUCT_NAME = "$(TARGET_NAME)";
				SWIFT_VERSION = 5.0;
				TARGETED_DEVICE_FAMILY = "1,2";
			};
			name = Release;
		};
/* End XCBuildConfiguration section */

/* Begin XCConfigurationList section */
		6F2255892372040A00D6B310 /* Build configuration list for PBXProject "Test" */ = {
			isa = XCConfigurationList;
			buildConfigurations = (
				6F2255A02372040B00D6B310 /* Debug */,
				6F2255A12372040B00D6B310 /* Release */,
			);
			defaultConfigurationIsVisible = 0;
			defaultConfigurationName = Release;
		};
		6F2255A22372040B00D6B310 /* Build configuration list for PBXNativeTarget "Test" */ = {
			isa = XCConfigurationList;
			buildConfigurations = (
				6F2255A32372040B00D6B310 /* Debug */,
				6F2255A42372040B00D6B310 /* Release */,
			);
			defaultConfigurationIsVisible = 0;
			defaultConfigurationName = Release;
		};
/* End XCConfigurationList section */
	};
	rootObject = 6F2255862372040A00D6B310 /* Project object */;
}
